
Microsoft Visual Studio Solution File, Format Version 12.00
# Visual Studio Version 16
VisualStudioVersion = 16.0.29306.81
MinimumVisualStudioVersion = 10.0.40219.1
Project("{FAE04EC0-301F-11D3-BF4B-00C04F79EFBC}") = "ChatApp", "ChatApp.csproj", "{F4D92A0E-7A17-4270-A0DF-C76AE0AAA9F0}"
EndProject
Global
	GlobalSection(SolutionConfigurationPlatforms) = preSolution
		Debug|Any CPU = Debug|Any CPU
		Release|Any CPU = Release|Any CPU
	EndGlobalSection
	GlobalSection(ProjectConfigurationPlatforms) = postSolution
		{F4D92A0E-7A17-4270-A0DF-C76AE0AAA9F0}.Debug|Any CPU.ActiveCfg = Debuger|Any CPU
		{F4D92A0E-7A17-4270-A0DF-C76AE0AAA9F0}.Debug|Any CPU.Build.0 = Debuger|Any CPU
		{F4D92A0E-7A17-4270-A0DF-C76AE0AAA9F0}.Release|Any CPU.ActiveCfg = Debug|Any CPU
		{F4D92A0E-7A17-4270-A0DF-C76AE0AAA9F0}.Release|Any CPU.Build.0 = Debug|Any CPU
	EndGlobalSection
	GlobalSection(SolutionProperties) = preSolution
		HideSolutionNode = FALSE
	EndGlobalSection
	GlobalSection(ExtensibilityGlobals) = postSolution
		SolutionGuid = {D8E5329D-D0B6-427D-9723-0F5F995980E4}
	EndGlobalSection
EndGlobal
